
Microsoft Visual Studio Solution File, Format Version 10.00
# Visual Studio 2008
Project("{FAE04EC0-301F-11D3-BF4B-00C04F79EFBC}") = "Lyrics", "Lyrics\Lyrics.csproj", "{53E6EC42-A61B-4AAD-AA9E-B7D839D991BD}"
EndProject
Global
	GlobalSection(SolutionConfigurationPlatforms) = preSolution
		Debug|Any CPU = Debug|Any CPU
		Release|Any CPU = Release|Any CPU
	EndGlobalSection
	GlobalSection(ProjectConfigurationPlatforms) = postSolution
		{53E6EC42-A61B-4AAD-AA9E-B7D839D991BD}.Debug|Any CPU.ActiveCfg = Debug|Any CPU
		{53E6EC42-A61B-4AAD-AA9E-B7D839D991BD}.Debug|Any CPU.Build.0 = Debug|Any CPU
		{53E6EC42-A61B-4AAD-AA9E-B7D839D991BD}.Release|Any CPU.ActiveCfg = Release|Any CPU
		{53E6EC42-A61B-4AAD-AA9E-B7D839D991BD}.Release|Any CPU.Build.0 = Release|Any CPU
	EndGlobalSection
	GlobalSection(SolutionProperties) = preSolution
		HideSolutionNode = FALSE
	EndGlobalSection
EndGlobal
